
Microsoft Visual Studio Solution File, Format Version 12.00
# Visual Studio Version 16
VisualStudioVersion = 16.0.29215.179
MinimumVisualStudioVersion = 10.0.40219.1
Project("{FAE04EC0-301F-11D3-BF4B-00C04F79EFBC}") = "WinGitTest", "WinGitTest\WinGitTest.csproj", "{24A667FD-FC73-4536-BD63-0F99E41B17C3}"
EndProject
Global
	GlobalSection(SolutionConfigurationPlatforms) = preSolution
		Debug|Any CPU = Debug|Any CPU
		Release|Any CPU = Release|Any CPU
	EndGlobalSection
	GlobalSection(ProjectConfigurationPlatforms) = postSolution
		{24A667FD-FC73-4536-BD63-0F99E41B17C3}.Debug|Any CPU.ActiveCfg = Debug|Any CPU
		{24A667FD-FC73-4536-BD63-0F99E41B17C3}.Debug|Any CPU.Build.0 = Debug|Any CPU
		{24A667FD-FC73-4536-BD63-0F99E41B17C3}.Release|Any CPU.ActiveCfg = Release|Any CPU
		{24A667FD-FC73-4536-BD63-0F99E41B17C3}.Release|Any CPU.Build.0 = Release|Any CPU
	EndGlobalSection
	GlobalSection(SolutionProperties) = preSolution
		HideSolutionNode = FALSE
	EndGlobalSection
	GlobalSection(ExtensibilityGlobals) = postSolution
		SolutionGuid = {BE239242-B617-40D5-A1F7-FFA20BAF2438}
	EndGlobalSection
EndGlobal
